{
  "name": "tlj-blocks",
  "version": "0.0.0",
  "lockfileVersion": 3,
  "requires": true,
  "packages": {
    "": {
      "name": "tlj-blocks",
      "version": "0.0.0",
      "license": "MIT",
      "workspaces": [
        "packages/*"
      ]
    },
    "node_modules/tlj-error-report": {
      "resolved": "packages/tlj-error-report",
      "link": true
    },
    "node_modules/tlj-feedback": {
      "resolved": "packages/tlj-feedback",
      "link": true
    },
    "packages/tlj-error-report": {
      "version": "0.0.0",
      "license": "MIT"
    },
    "packages/tlj-feedback": {
      "version": "0.0.0",
      "license": "MIT"
    }
  }
}
